// !$*UTF8*$!
{
	archiveVersion = 1;
	classes = {
	};
	objectVersion = 77;
	objects = {

/* Begin PBXBuildFile section */
		07A11F22D2064F8A9C5B1B75 /* ObjectsViewController.swift in Sources */ = {isa = PBXBuildFile; fileRef = 2CA8BF61B2FFA2C4932261B9 /* ObjectsViewController.swift */; };
		08F57118BFDF89D8AE8C8F1D /* Tracker.xcdatamodeld in Sources */ = {isa = PBXBuildFile; fileRef = 98D3450D4492251839A4BED1 /* Tracker.xcdatamodeld */; };
		0E27AE9BC2348A6658862350 /* Property+Value.swift in Sources */ = {isa = PBXBuildFile; fileRef = B1AFAD1296081429F7C538B8 /* Property+Value.swift */; };
		1A8CE33BA97E461B0C1F9570 /* DeleteAlertHelper.swift in Sources */ = {isa = PBXBuildFile; fileRef = 39FB2F2E47B22189D0B99FE6 /* DeleteAlertHelper.swift */; };
		1AA5CF8B89C4B34DC8D2BDFD /* SceneDelegate.swift in Sources */ = {isa = PBXBuildFile; fileRef = 66AEB557F41E43D4AD8211D9 /* SceneDelegate.swift */; };
		1CD42F05D00D58EEC2020A78 /* TrackerUITests.swift in Sources */ = {isa = PBXBuildFile; fileRef = 85E680F9885BEC998251FE4C /* TrackerUITests.swift */; };
		27CADD7BA39FB6BDAF1FB45C /* TrackerTests.swift in Sources */ = {isa = PBXBuildFile; fileRef = 314E3CB0DBD22D78DE8B5F9C /* TrackerTests.swift */; };
		2C32A91262F8D5AC647844B2 /* TrackedObject+Ext.swift in Sources */ = {isa = PBXBuildFile; fileRef = 96662DA0C085822C30DB1B13 /* TrackedObject+Ext.swift */; };
		2F2CD78BA6284819FB478CD3 /* Log.swift in Sources */ = {isa = PBXBuildFile; fileRef = C8DB96653457CD4AEB4AD9B3 /* Log.swift */; };
		3434E4FF179D517FD8291AFB /* CoreDataStack.swift in Sources */ = {isa = PBXBuildFile; fileRef = 2D375B026463A9452A55F20E /* CoreDataStack.swift */; };
		3FD2EAAFB280E7930ED96F50 /* AppDelegate.swift in Sources */ = {isa = PBXBuildFile; fileRef = 3B20FF0CC747D8FCA272B0F2 /* AppDelegate.swift */; };
		490942E3A78E4C27325F1180 /* EditPropertyValueViewController.swift in Sources */ = {isa = PBXBuildFile; fileRef = 7D29E2206F0DF6351E71C634 /* EditPropertyValueViewController.swift */; };
		5BB9A1DD6E7FFFCB1B9D7025 /* ObjectCardCell.swift in Sources */ = {isa = PBXBuildFile; fileRef = BC5D6475137B4C7A09E1FD19 /* ObjectCardCell.swift */; };
		6414FA7DADEA65AF3CBC8A07 /* FractionalIndexTests.swift in Sources */ = {isa = PBXBuildFile; fileRef = 5C3BAAEB704F54BA9F0BB195 /* FractionalIndexTests.swift */; };
		7F85F52A98DC256E26409DBD /* ColorSwatchCollectionView.swift in Sources */ = {isa = PBXBuildFile; fileRef = 376279C73E9A5BFE7F667203 /* ColorSwatchCollectionView.swift */; };
		87ADF23207B5B0E6D1080838 /* ObjectDetailViewController.swift in Sources */ = {isa = PBXBuildFile; fileRef = DC31E6F5A0EF5271CC9864C1 /* ObjectDetailViewController.swift */; };
		909537ADA9DCF415155CD845 /* ObjectFormViewController.swift in Sources */ = {isa = PBXBuildFile; fileRef = 35D9E3504E01B14B1922D478 /* ObjectFormViewController.swift */; };
		A04C79D6A9EC6A10155E3764 /* PropertyHistoryViewController.swift in Sources */ = {isa = PBXBuildFile; fileRef = A3CDA51EBFFC9F1D9B2E3B54 /* PropertyHistoryViewController.swift */; };
		A56A0224BF27AE4CCC658614 /* AddPropertyViewController.swift in Sources */ = {isa = PBXBuildFile; fileRef = 9101D083D7A22C12C1BD44E6 /* AddPropertyViewController.swift */; };
		BC7709CA68484332E59B6158 /* FractionalIndex.swift in Sources */ = {isa = PBXBuildFile; fileRef = BFF357CA6CE74EFB338DFA8B /* FractionalIndex.swift */; };
/* End PBXBuildFile section */

/* Begin PBXContainerItemProxy section */
		3E89BB1BFDD995F1C3E72C99 /* PBXContainerItemProxy */ = {
			isa = PBXContainerItemProxy;
			containerPortal = 5516F9987792CC6911E0E588 /* Project object */;
			proxyType = 1;
			remoteGlobalIDString = C92AA6AEF198F2FABCDCB8EF;
			remoteInfo = Tracker;
		};
		569F4F28F793BF5D311FBAE2 /* PBXContainerItemProxy */ = {
			isa = PBXContainerItemProxy;
			containerPortal = 5516F9987792CC6911E0E588 /* Project object */;
			proxyType = 1;
			remoteGlobalIDString = C92AA6AEF198F2FABCDCB8EF;
			remoteInfo = Tracker;
		};
/* End PBXContainerItemProxy section */

/* Begin PBXFileReference section */
		16884072C5B57D10FC78E05B /* Tracker.entitlements */ = {isa = PBXFileReference; lastKnownFileType = text.plist.entitlements; path = Tracker.entitlements; sourceTree = "<group>"; };
		241C5E92B0837A819C89946B /* TrackerUITests.xctest */ = {isa = PBXFileReference; includeInIndex = 0; lastKnownFileType = wrapper.cfbundle; path = TrackerUITests.xctest; sourceTree = BUILT_PRODUCTS_DIR; };
		2BF31596B8F1E2FC328C8710 /* Tracker.xcdatamodel */ = {isa = PBXFileReference; lastKnownFileType = wrapper.xcdatamodel; path = Tracker.xcdatamodel; sourceTree = "<group>"; };
		2CA8BF61B2FFA2C4932261B9 /* ObjectsViewController.swift */ = {isa = PBXFileReference; lastKnownFileType = sourcecode.swift; path = ObjectsViewController.swift; sourceTree = "<group>"; };
		2D375B026463A9452A55F20E /* CoreDataStack.swift */ = {isa = PBXFileReference; lastKnownFileType = sourcecode.swift; path = CoreDataStack.swift; sourceTree = "<group>"; };
		314E3CB0DBD22D78DE8B5F9C /* TrackerTests.swift */ = {isa = PBXFileReference; lastKnownFileType = sourcecode.swift; path = TrackerTests.swift; sourceTree = "<group>"; };
		35D9E3504E01B14B1922D478 /* ObjectFormViewController.swift */ = {isa = PBXFileReference; lastKnownFileType = sourcecode.swift; path = ObjectFormViewController.swift; sourceTree = "<group>"; };
		376279C73E9A5BFE7F667203 /* ColorSwatchCollectionView.swift */ = {isa = PBXFileReference; lastKnownFileType = sourcecode.swift; path = ColorSwatchCollectionView.swift; sourceTree = "<group>"; };
		39FB2F2E47B22189D0B99FE6 /* DeleteAlertHelper.swift */ = {isa = PBXFileReference; lastKnownFileType = sourcecode.swift; path = DeleteAlertHelper.swift; sourceTree = "<group>"; };
		3B20FF0CC747D8FCA272B0F2 /* AppDelegate.swift */ = {isa = PBXFileReference; lastKnownFileType = sourcecode.swift; path = AppDelegate.swift; sourceTree = "<group>"; };
		5C3BAAEB704F54BA9F0BB195 /* FractionalIndexTests.swift */ = {isa = PBXFileReference; lastKnownFileType = sourcecode.swift; path = FractionalIndexTests.swift; sourceTree = "<group>"; };
		66AEB557F41E43D4AD8211D9 /* SceneDelegate.swift */ = {isa = PBXFileReference; lastKnownFileType = sourcecode.swift; path = SceneDelegate.swift; sourceTree = "<group>"; };
		796FAB7602277866CAA8A62E /* Info.plist */ = {isa = PBXFileReference; lastKnownFileType = text.plist; path = Info.plist; sourceTree = "<group>"; };
		7D29E2206F0DF6351E71C634 /* EditPropertyValueViewController.swift */ = {isa = PBXFileReference; lastKnownFileType = sourcecode.swift; path = EditPropertyValueViewController.swift; sourceTree = "<group>"; };
		85E680F9885BEC998251FE4C /* TrackerUITests.swift */ = {isa = PBXFileReference; lastKnownFileType = sourcecode.swift; path = TrackerUITests.swift; sourceTree = "<group>"; };
		9101D083D7A22C12C1BD44E6 /* AddPropertyViewController.swift */ = {isa = PBXFileReference; lastKnownFileType = sourcecode.swift; path = AddPropertyViewController.swift; sourceTree = "<group>"; };
		96662DA0C085822C30DB1B13 /* TrackedObject+Ext.swift */ = {isa = PBXFileReference; lastKnownFileType = sourcecode.swift; path = "TrackedObject+Ext.swift"; sourceTree = "<group>"; };
		A03E2D82D6B5B46A149B2326 /* TrackerTests.xctest */ = {isa = PBXFileReference; includeInIndex = 0; lastKnownFileType = wrapper.cfbundle; path = TrackerTests.xctest; sourceTree = BUILT_PRODUCTS_DIR; };
		A3CDA51EBFFC9F1D9B2E3B54 /* PropertyHistoryViewController.swift */ = {isa = PBXFileReference; lastKnownFileType = sourcecode.swift; path = PropertyHistoryViewController.swift; sourceTree = "<group>"; };
		B1AFAD1296081429F7C538B8 /* Property+Value.swift */ = {isa = PBXFileReference; lastKnownFileType = sourcecode.swift; path = "Property+Value.swift"; sourceTree = "<group>"; };
		BC5D6475137B4C7A09E1FD19 /* ObjectCardCell.swift */ = {isa = PBXFileReference; lastKnownFileType = sourcecode.swift; path = ObjectCardCell.swift; sourceTree = "<group>"; };
		BFF357CA6CE74EFB338DFA8B /* FractionalIndex.swift */ = {isa = PBXFileReference; lastKnownFileType = sourcecode.swift; path = FractionalIndex.swift; sourceTree = "<group>"; };
		C52EFE27F5DB93FEFDA0E236 /* Tracker.app */ = {isa = PBXFileReference; includeInIndex = 0; lastKnownFileType = wrapper.application; path = Tracker.app; sourceTree = BUILT_PRODUCTS_DIR; };
		C8DB96653457CD4AEB4AD9B3 /* Log.swift */ = {isa = PBXFileReference; lastKnownFileType = sourcecode.swift; path = Log.swift; sourceTree = "<group>"; };
		DC31E6F5A0EF5271CC9864C1 /* ObjectDetailViewController.swift */ = {isa = PBXFileReference; lastKnownFileType = sourcecode.swift; path = ObjectDetailViewController.swift; sourceTree = "<group>"; };
/* End PBXFileReference section */

/* Begin PBXGroup section */
		1B5F52E9A226A7CBF54AAED5 /* Model */ = {
			isa = PBXGroup;
			children = (
				2D375B026463A9452A55F20E /* CoreDataStack.swift */,
				BFF357CA6CE74EFB338DFA8B /* FractionalIndex.swift */,
				B1AFAD1296081429F7C538B8 /* Property+Value.swift */,
				96662DA0C085822C30DB1B13 /* TrackedObject+Ext.swift */,
				98D3450D4492251839A4BED1 /* Tracker.xcdatamodeld */,
			);
			path = Model;
			sourceTree = "<group>";
		};
		1CF0D7ADE0DEDC9B4D27319C /* Tracker */ = {
			isa = PBXGroup;
			children = (
				796FAB7602277866CAA8A62E /* Info.plist */,
				16884072C5B57D10FC78E05B /* Tracker.entitlements */,
				65E096626F163B253D73E437 /* App */,
				55E2382BDC8CCC656A8D3D4C /* Features */,
				1B5F52E9A226A7CBF54AAED5 /* Model */,
			);
			path = Tracker;
			sourceTree = "<group>";
		};
		340F1E7242F0A9F151A6BF9C /* TrackerUITests */ = {
			isa = PBXGroup;
			children = (
				85E680F9885BEC998251FE4C /* TrackerUITests.swift */,
			);
			path = TrackerUITests;
			sourceTree = "<group>";
		};
		5589F8BB946932AB93B0BB28 /* Objects */ = {
			isa = PBXGroup;
			children = (
				9101D083D7A22C12C1BD44E6 /* AddPropertyViewController.swift */,
				376279C73E9A5BFE7F667203 /* ColorSwatchCollectionView.swift */,
				39FB2F2E47B22189D0B99FE6 /* DeleteAlertHelper.swift */,
				7D29E2206F0DF6351E71C634 /* EditPropertyValueViewController.swift */,
				BC5D6475137B4C7A09E1FD19 /* ObjectCardCell.swift */,
				DC31E6F5A0EF5271CC9864C1 /* ObjectDetailViewController.swift */,
				35D9E3504E01B14B1922D478 /* ObjectFormViewController.swift */,
				2CA8BF61B2FFA2C4932261B9 /* ObjectsViewController.swift */,
				A3CDA51EBFFC9F1D9B2E3B54 /* PropertyHistoryViewController.swift */,
			);
			path = Objects;
			sourceTree = "<group>";
		};
		55E2382BDC8CCC656A8D3D4C /* Features */ = {
			isa = PBXGroup;
			children = (
				5589F8BB946932AB93B0BB28 /* Objects */,
			);
			path = Features;
			sourceTree = "<group>";
		};
		65E096626F163B253D73E437 /* App */ = {
			isa = PBXGroup;
			children = (
				3B20FF0CC747D8FCA272B0F2 /* AppDelegate.swift */,
				C8DB96653457CD4AEB4AD9B3 /* Log.swift */,
				66AEB557F41E43D4AD8211D9 /* SceneDelegate.swift */,
			);
			path = App;
			sourceTree = "<group>";
		};
		9D5AE9E991B199F698F695D7 /* TrackerTests */ = {
			isa = PBXGroup;
			children = (
				5C3BAAEB704F54BA9F0BB195 /* FractionalIndexTests.swift */,
				314E3CB0DBD22D78DE8B5F9C /* TrackerTests.swift */,
			);
			path = TrackerTests;
			sourceTree = "<group>";
		};
		9D97B930BC8123CDB0C5A909 /* Products */ = {
			isa = PBXGroup;
			children = (
				C52EFE27F5DB93FEFDA0E236 /* Tracker.app */,
				A03E2D82D6B5B46A149B2326 /* TrackerTests.xctest */,
				241C5E92B0837A819C89946B /* TrackerUITests.xctest */,
			);
			name = Products;
			sourceTree = "<group>";
		};
		EB30B292397FF3ED5B325CA6 = {
			isa = PBXGroup;
			children = (
				1CF0D7ADE0DEDC9B4D27319C /* Tracker */,
				9D5AE9E991B199F698F695D7 /* TrackerTests */,
				340F1E7242F0A9F151A6BF9C /* TrackerUITests */,
				9D97B930BC8123CDB0C5A909 /* Products */,
			);
			sourceTree = "<group>";
		};
/* End PBXGroup section */

/* Begin PBXNativeTarget section */
		4430960DCE8554660300E879 /* TrackerUITests */ = {
			isa = PBXNativeTarget;
			buildConfigurationList = 43F9D3251FA767C37E983CA8 /* Build configuration list for PBXNativeTarget "TrackerUITests" */;
			buildPhases = (
				360613D88BB53C8E7E5EBD73 /* Sources */,
			);
			buildRules = (
			);
			dependencies = (
				78F3FAAE03D1B99923350F1B /* PBXTargetDependency */,
			);
			name = TrackerUITests;
			packageProductDependencies = (
			);
			productName = TrackerUITests;
			productReference = 241C5E92B0837A819C89946B /* TrackerUITests.xctest */;
			productType = "com.apple.product-type.bundle.ui-testing";
		};
		C92AA6AEF198F2FABCDCB8EF /* Tracker */ = {
			isa = PBXNativeTarget;
			buildConfigurationList = E873AAC5C5793F3032C3DF0C /* Build configuration list for PBXNativeTarget "Tracker" */;
			buildPhases = (
				8AA7BD586309B88CCD491CD3 /* Sources */,
			);
			buildRules = (
			);
			dependencies = (
			);
			name = Tracker;
			packageProductDependencies = (
			);
			productName = Tracker;
			productReference = C52EFE27F5DB93FEFDA0E236 /* Tracker.app */;
			productType = "com.apple.product-type.application";
		};
		E449C9F1D68B4B31624295AC /* TrackerTests */ = {
			isa = PBXNativeTarget;
			buildConfigurationList = FD3BDBC692C19964213BE9DC /* Build configuration list for PBXNativeTarget "TrackerTests" */;
			buildPhases = (
				372D3E000D5D02F034ABF29A /* Sources */,
			);
			buildRules = (
			);
			dependencies = (
				156F49E9B43EB1AD1BBD2970 /* PBXTargetDependency */,
			);
			name = TrackerTests;
			packageProductDependencies = (
			);
			productName = TrackerTests;
			productReference = A03E2D82D6B5B46A149B2326 /* TrackerTests.xctest */;
			productType = "com.apple.product-type.bundle.unit-test";
		};
/* End PBXNativeTarget section */

/* Begin PBXProject section */
		5516F9987792CC6911E0E588 /* Project object */ = {
			isa = PBXProject;
			attributes = {
				BuildIndependentTargetsInParallel = YES;
				LastUpgradeCheck = 2600;
				TargetAttributes = {
					4430960DCE8554660300E879 = {
						DevelopmentTeam = 645FC5JLWY;
						TestTargetID = C92AA6AEF198F2FABCDCB8EF;
					};
					C92AA6AEF198F2FABCDCB8EF = {
						DevelopmentTeam = 645FC5JLWY;
					};
					E449C9F1D68B4B31624295AC = {
						DevelopmentTeam = 645FC5JLWY;
					};
				};
			};
			buildConfigurationList = 1FBAD6A7C2C8598A2FE486FA /* Build configuration list for PBXProject "Tracker" */;
			compatibilityVersion = "Xcode 14.0";
			developmentRegion = en;
			hasScannedForEncodings = 0;
			knownRegions = (
				Base,
				en,
			);
			mainGroup = EB30B292397FF3ED5B325CA6;
			minimizedProjectReferenceProxies = 1;
			preferredProjectObjectVersion = 77;
			projectDirPath = "";
			projectRoot = "";
			targets = (
				C92AA6AEF198F2FABCDCB8EF /* Tracker */,
				E449C9F1D68B4B31624295AC /* TrackerTests */,
				4430960DCE8554660300E879 /* TrackerUITests */,
			);
		};
/* End PBXProject section */

/* Begin PBXSourcesBuildPhase section */
		360613D88BB53C8E7E5EBD73 /* Sources */ = {
			isa = PBXSourcesBuildPhase;
			buildActionMask = 2147483647;
			files = (
				1CD42F05D00D58EEC2020A78 /* TrackerUITests.swift in Sources */,
			);
			runOnlyForDeploymentPostprocessing = 0;
		};
		372D3E000D5D02F034ABF29A /* Sources */ = {
			isa = PBXSourcesBuildPhase;
			buildActionMask = 2147483647;
			files = (
				6414FA7DADEA65AF3CBC8A07 /* FractionalIndexTests.swift in Sources */,
				27CADD7BA39FB6BDAF1FB45C /* TrackerTests.swift in Sources */,
			);
			runOnlyForDeploymentPostprocessing = 0;
		};
		8AA7BD586309B88CCD491CD3 /* Sources */ = {
			isa = PBXSourcesBuildPhase;
			buildActionMask = 2147483647;
			files = (
				A56A0224BF27AE4CCC658614 /* AddPropertyViewController.swift in Sources */,
				3FD2EAAFB280E7930ED96F50 /* AppDelegate.swift in Sources */,
				7F85F52A98DC256E26409DBD /* ColorSwatchCollectionView.swift in Sources */,
				3434E4FF179D517FD8291AFB /* CoreDataStack.swift in Sources */,
				1A8CE33BA97E461B0C1F9570 /* DeleteAlertHelper.swift in Sources */,
				490942E3A78E4C27325F1180 /* EditPropertyValueViewController.swift in Sources */,
				BC7709CA68484332E59B6158 /* FractionalIndex.swift in Sources */,
				2F2CD78BA6284819FB478CD3 /* Log.swift in Sources */,
				5BB9A1DD6E7FFFCB1B9D7025 /* ObjectCardCell.swift in Sources */,
				87ADF23207B5B0E6D1080838 /* ObjectDetailViewController.swift in Sources */,
				909537ADA9DCF415155CD845 /* ObjectFormViewController.swift in Sources */,
				07A11F22D2064F8A9C5B1B75 /* ObjectsViewController.swift in Sources */,
				0E27AE9BC2348A6658862350 /* Property+Value.swift in Sources */,
				A04C79D6A9EC6A10155E3764 /* PropertyHistoryViewController.swift in Sources */,
				1AA5CF8B89C4B34DC8D2BDFD /* SceneDelegate.swift in Sources */,
				2C32A91262F8D5AC647844B2 /* TrackedObject+Ext.swift in Sources */,
				08F57118BFDF89D8AE8C8F1D /* Tracker.xcdatamodeld in Sources */,
			);
			runOnlyForDeploymentPostprocessing = 0;
		};
/* End PBXSourcesBuildPhase section */

/* Begin PBXTargetDependency section */
		156F49E9B43EB1AD1BBD2970 /* PBXTargetDependency */ = {
			isa = PBXTargetDependency;
			target = C92AA6AEF198F2FABCDCB8EF /* Tracker */;
			targetProxy = 569F4F28F793BF5D311FBAE2 /* PBXContainerItemProxy */;
		};
		78F3FAAE03D1B99923350F1B /* PBXTargetDependency */ = {
			isa = PBXTargetDependency;
			target = C92AA6AEF198F2FABCDCB8EF /* Tracker */;
			targetProxy = 3E89BB1BFDD995F1C3E72C99 /* PBXContainerItemProxy */;
		};
/* End PBXTargetDependency section */

/* Begin XCBuildConfiguration section */
		0B8E0C9F2D4F8EC986D11FD7 /* Debug */ = {
			isa = XCBuildConfiguration;
			buildSettings = {
				ALWAYS_SEARCH_USER_PATHS = NO;
				CLANG_ANALYZER_NONNULL = YES;
				CLANG_ANALYZER_NUMBER_OBJECT_CONVERSION = YES_AGGRESSIVE;
				CLANG_CXX_LANGUAGE_STANDARD = "gnu++14";
				CLANG_CXX_LIBRARY = "libc++";
				CLANG_ENABLE_MODULES = YES;
				CLANG_ENABLE_OBJC_ARC = YES;
				CLANG_ENABLE_OBJC_WEAK = YES;
				CLANG_WARN_BLOCK_CAPTURE_AUTORELEASING = YES;
				CLANG_WARN_BOOL_CONVERSION = YES;
				CLANG_WARN_COMMA = YES;
				CLANG_WARN_CONSTANT_CONVERSION = YES;
				CLANG_WARN_DEPRECATED_OBJC_IMPLEMENTATIONS = YES;
				CLANG_WARN_DIRECT_OBJC_ISA_USAGE = YES_ERROR;
				CLANG_WARN_DOCUMENTATION_COMMENTS = YES;
				CLANG_WARN_EMPTY_BODY = YES;
				CLANG_WARN_ENUM_CONVERSION = YES;
				CLANG_WARN_INFINITE_RECURSION = YES;
				CLANG_WARN_INT_CONVERSION = YES;
				CLANG_WARN_NON_LITERAL_NULL_CONVERSION = YES;
				CLANG_WARN_OBJC_IMPLICIT_RETAIN_SELF = YES;
				CLANG_WARN_OBJC_LITERAL_CONVERSION = YES;
				CLANG_WARN_OBJC_ROOT_CLASS = YES_ERROR;
				CLANG_WARN_QUOTED_INCLUDE_IN_FRAMEWORK_HEADER = YES;
				CLANG_WARN_RANGE_LOOP_ANALYSIS = YES;
				CLANG_WARN_STRICT_PROTOTYPES = YES;
				CLANG_WARN_SUSPICIOUS_MOVE = YES;
				CLANG_WARN_UNGUARDED_AVAILABILITY = YES_AGGRESSIVE;
				CLANG_WARN_UNREACHABLE_CODE = YES;
				CLANG_WARN__DUPLICATE_METHOD_MATCH = YES;
				COPY_PHASE_STRIP = NO;
				DEBUG_INFORMATION_FORMAT = dwarf;
				DEVELOPMENT_TEAM = 645FC5JLWY;
				ENABLE_STRICT_OBJC_MSGSEND = YES;
				ENABLE_TESTABILITY = YES;
				GCC_C_LANGUAGE_STANDARD = gnu11;
				GCC_DYNAMIC_NO_PIC = NO;
				GCC_NO_COMMON_BLOCKS = YES;
				GCC_OPTIMIZATION_LEVEL = 0;
				GCC_PREPROCESSOR_DEFINITIONS = (
					"$(inherited)",
					"DEBUG=1",
				);
				GCC_WARN_64_TO_32_BIT_CONVERSION = YES;
				GCC_WARN_ABOUT_RETURN_TYPE = YES_ERROR;
				GCC_WARN_UNDECLARED_SELECTOR = YES;
				GCC_WARN_UNINITIALIZED_AUTOS = YES_AGGRESSIVE;
				GCC_WARN_UNUSED_FUNCTION = YES;
				GCC_WARN_UNUSED_VARIABLE = YES;
				IPHONEOS_DEPLOYMENT_TARGET = 26.0;
				MTL_ENABLE_DEBUG_INFO = INCLUDE_SOURCE;
				MTL_FAST_MATH = YES;
				ONLY_ACTIVE_ARCH = YES;
				PRODUCT_NAME = "$(TARGET_NAME)";
				SDKROOT = iphoneos;
				SWIFT_ACTIVE_COMPILATION_CONDITIONS = DEBUG;
				SWIFT_APPROACHABLE_CONCURRENCY = YES;
				SWIFT_DEFAULT_ACTOR_ISOLATION = MainActor;
				SWIFT_OPTIMIZATION_LEVEL = "-Onone";
				SWIFT_UPCOMING_FEATURE_MEMBER_IMPORT_VISIBILITY = YES;
				SWIFT_VERSION = 6.0;
				TARGETED_DEVICE_FAMILY = "1,2";
			};
			name = Debug;
		};
		304247638C52527CAE6E600E /* Release */ = {
			isa = XCBuildConfiguration;
			buildSettings = {
				ASSETCATALOG_COMPILER_APPICON_NAME = AppIcon;
				CODE_SIGN_ENTITLEMENTS = Tracker/Tracker.entitlements;
				CODE_SIGN_IDENTITY = "iPhone Developer";
				GENERATE_INFOPLIST_FILE = NO;
				INFOPLIST_FILE = Tracker/Info.plist;
				LD_RUNPATH_SEARCH_PATHS = "$(inherited) @executable_path/Frameworks";
				PRODUCT_BUNDLE_IDENTIFIER = com.willfulapps.Tracker;
				SDKROOT = iphoneos;
				TARGETED_DEVICE_FAMILY = "1,2";
			};
			name = Release;
		};
		34D99A8C9DFA270144164D46 /* Release */ = {
			isa = XCBuildConfiguration;
			buildSettings = {
				BUNDLE_LOADER = "$(TEST_HOST)";
				LD_RUNPATH_SEARCH_PATHS = (
					"$(inherited)",
					"@executable_path/Frameworks",
					"@loader_path/Frameworks",
				);
				PRODUCT_BUNDLE_IDENTIFIER = com.willfulapps.TrackerUITests;
				SDKROOT = iphoneos;
				TARGETED_DEVICE_FAMILY = "1,2";
				TEST_TARGET_NAME = Tracker;
			};
			name = Release;
		};
		3D0AFFF6D23F61755829C78F /* Debug */ = {
			isa = XCBuildConfiguration;
			buildSettings = {
				BUNDLE_LOADER = "$(TEST_HOST)";
				LD_RUNPATH_SEARCH_PATHS = (
					"$(inherited)",
					"@executable_path/Frameworks",
					"@loader_path/Frameworks",
				);
				PRODUCT_BUNDLE_IDENTIFIER = com.willfulapps.TrackerUITests;
				SDKROOT = iphoneos;
				TARGETED_DEVICE_FAMILY = "1,2";
				TEST_TARGET_NAME = Tracker;
			};
			name = Debug;
		};
		4DFEA0818F05323E1B66D6BD /* Release */ = {
			isa = XCBuildConfiguration;
			buildSettings = {
				BUNDLE_LOADER = "$(TEST_HOST)";
				LD_RUNPATH_SEARCH_PATHS = (
					"$(inherited)",
					"@executable_path/Frameworks",
					"@loader_path/Frameworks",
				);
				PRODUCT_BUNDLE_IDENTIFIER = com.willfulapps.TrackerTests;
				SDKROOT = iphoneos;
				TARGETED_DEVICE_FAMILY = "1,2";
				TEST_HOST = "$(BUILT_PRODUCTS_DIR)/Tracker.app/Tracker";
			};
			name = Release;
		};
		56F36D6F5C643065217FC065 /* Debug */ = {
			isa = XCBuildConfiguration;
			buildSettings = {
				BUNDLE_LOADER = "$(TEST_HOST)";
				LD_RUNPATH_SEARCH_PATHS = (
					"$(inherited)",
					"@executable_path/Frameworks",
					"@loader_path/Frameworks",
				);
				PRODUCT_BUNDLE_IDENTIFIER = com.willfulapps.TrackerTests;
				SDKROOT = iphoneos;
				TARGETED_DEVICE_FAMILY = "1,2";
				TEST_HOST = "$(BUILT_PRODUCTS_DIR)/Tracker.app/Tracker";
			};
			name = Debug;
		};
		B04545F880E2003852AE0C3E /* Debug */ = {
			isa = XCBuildConfiguration;
			buildSettings = {
				ASSETCATALOG_COMPILER_APPICON_NAME = AppIcon;
				CODE_SIGN_ENTITLEMENTS = Tracker/Tracker.entitlements;
				CODE_SIGN_IDENTITY = "iPhone Developer";
				GENERATE_INFOPLIST_FILE = NO;
				INFOPLIST_FILE = Tracker/Info.plist;
				LD_RUNPATH_SEARCH_PATHS = "$(inherited) @executable_path/Frameworks";
				PRODUCT_BUNDLE_IDENTIFIER = com.willfulapps.Tracker;
				SDKROOT = iphoneos;
				TARGETED_DEVICE_FAMILY = "1,2";
			};
			name = Debug;
		};
		B667C28DF71FA1846E90DD86 /* Release */ = {
			isa = XCBuildConfiguration;
			buildSettings = {
				ALWAYS_SEARCH_USER_PATHS = NO;
				CLANG_ANALYZER_NONNULL = YES;
				CLANG_ANALYZER_NUMBER_OBJECT_CONVERSION = YES_AGGRESSIVE;
				CLANG_CXX_LANGUAGE_STANDARD = "gnu++14";
				CLANG_CXX_LIBRARY = "libc++";
				CLANG_ENABLE_MODULES = YES;
				CLANG_ENABLE_OBJC_ARC = YES;
				CLANG_ENABLE_OBJC_WEAK = YES;
				CLANG_WARN_BLOCK_CAPTURE_AUTORELEASING = YES;
				CLANG_WARN_BOOL_CONVERSION = YES;
				CLANG_WARN_COMMA = YES;
				CLANG_WARN_CONSTANT_CONVERSION = YES;
				CLANG_WARN_DEPRECATED_OBJC_IMPLEMENTATIONS = YES;
				CLANG_WARN_DIRECT_OBJC_ISA_USAGE = YES_ERROR;
				CLANG_WARN_DOCUMENTATION_COMMENTS = YES;
				CLANG_WARN_EMPTY_BODY = YES;
				CLANG_WARN_ENUM_CONVERSION = YES;
				CLANG_WARN_INFINITE_RECURSION = YES;
				CLANG_WARN_INT_CONVERSION = YES;
				CLANG_WARN_NON_LITERAL_NULL_CONVERSION = YES;
				CLANG_WARN_OBJC_IMPLICIT_RETAIN_SELF = YES;
				CLANG_WARN_OBJC_LITERAL_CONVERSION = YES;
				CLANG_WARN_OBJC_ROOT_CLASS = YES_ERROR;
				CLANG_WARN_QUOTED_INCLUDE_IN_FRAMEWORK_HEADER = YES;
				CLANG_WARN_RANGE_LOOP_ANALYSIS = YES;
				CLANG_WARN_STRICT_PROTOTYPES = YES;
				CLANG_WARN_SUSPICIOUS_MOVE = YES;
				CLANG_WARN_UNGUARDED_AVAILABILITY = YES_AGGRESSIVE;
				CLANG_WARN_UNREACHABLE_CODE = YES;
				CLANG_WARN__DUPLICATE_METHOD_MATCH = YES;
				COPY_PHASE_STRIP = NO;
				DEBUG_INFORMATION_FORMAT = "dwarf-with-dsym";
				DEVELOPMENT_TEAM = 645FC5JLWY;
				ENABLE_NS_ASSERTIONS = NO;
				ENABLE_STRICT_OBJC_MSGSEND = YES;
				GCC_C_LANGUAGE_STANDARD = gnu11;
				GCC_NO_COMMON_BLOCKS = YES;
				GCC_WARN_64_TO_32_BIT_CONVERSION = YES;
				GCC_WARN_ABOUT_RETURN_TYPE = YES_ERROR;
				GCC_WARN_UNDECLARED_SELECTOR = YES;
				GCC_WARN_UNINITIALIZED_AUTOS = YES_AGGRESSIVE;
				GCC_WARN_UNUSED_FUNCTION = YES;
				GCC_WARN_UNUSED_VARIABLE = YES;
				IPHONEOS_DEPLOYMENT_TARGET = 26.0;
				MTL_ENABLE_DEBUG_INFO = NO;
				MTL_FAST_MATH = YES;
				PRODUCT_NAME = "$(TARGET_NAME)";
				SDKROOT = iphoneos;
				SWIFT_APPROACHABLE_CONCURRENCY = YES;
				SWIFT_COMPILATION_MODE = wholemodule;
				SWIFT_DEFAULT_ACTOR_ISOLATION = MainActor;
				SWIFT_OPTIMIZATION_LEVEL = "-O";
				SWIFT_UPCOMING_FEATURE_MEMBER_IMPORT_VISIBILITY = YES;
				SWIFT_VERSION = 6.0;
				TARGETED_DEVICE_FAMILY = "1,2";
			};
			name = Release;
		};
/* End XCBuildConfiguration section */

/* Begin XCConfigurationList section */
		1FBAD6A7C2C8598A2FE486FA /* Build configuration list for PBXProject "Tracker" */ = {
			isa = XCConfigurationList;
			buildConfigurations = (
				0B8E0C9F2D4F8EC986D11FD7 /* Debug */,
				B667C28DF71FA1846E90DD86 /* Release */,
			);
			defaultConfigurationIsVisible = 0;
			defaultConfigurationName = Debug;
		};
		43F9D3251FA767C37E983CA8 /* Build configuration list for PBXNativeTarget "TrackerUITests" */ = {
			isa = XCConfigurationList;
			buildConfigurations = (
				3D0AFFF6D23F61755829C78F /* Debug */,
				34D99A8C9DFA270144164D46 /* Release */,
			);
			defaultConfigurationIsVisible = 0;
			defaultConfigurationName = Debug;
		};
		E873AAC5C5793F3032C3DF0C /* Build configuration list for PBXNativeTarget "Tracker" */ = {
			isa = XCConfigurationList;
			buildConfigurations = (
				B04545F880E2003852AE0C3E /* Debug */,
				304247638C52527CAE6E600E /* Release */,
			);
			defaultConfigurationIsVisible = 0;
			defaultConfigurationName = Debug;
		};
		FD3BDBC692C19964213BE9DC /* Build configuration list for PBXNativeTarget "TrackerTests" */ = {
			isa = XCConfigurationList;
			buildConfigurations = (
				56F36D6F5C643065217FC065 /* Debug */,
				4DFEA0818F05323E1B66D6BD /* Release */,
			);
			defaultConfigurationIsVisible = 0;
			defaultConfigurationName = Debug;
		};
/* End XCConfigurationList section */

/* Begin XCVersionGroup section */
		98D3450D4492251839A4BED1 /* Tracker.xcdatamodeld */ = {
			isa = XCVersionGroup;
			children = (
				2BF31596B8F1E2FC328C8710 /* Tracker.xcdatamodel */,
			);
			currentVersion = 2BF31596B8F1E2FC328C8710 /* Tracker.xcdatamodel */;
			path = Tracker.xcdatamodeld;
			sourceTree = "<group>";
			versionGroupType = wrapper.xcdatamodel;
		};
/* End XCVersionGroup section */
	};
	rootObject = 5516F9987792CC6911E0E588 /* Project object */;
}
